// !$*UTF8*$!
{
	archiveVersion = 1;
	classes = {
	};
	objectVersion = 46;
	objects = {

/* Begin PBXBuildFile section */
		B182D3821C6F741E00238994 /* VideoItemCell.m in Sources */ = {isa = PBXBuildFile; fileRef = B182D3811C6F741E00238994 /* VideoItemCell.m */; };
		B19CF5101C6CC1F9001DBB70 /* main.m in Sources */ = {isa = PBXBuildFile; fileRef = B19CF50F1C6CC1F9001DBB70 /* main.m */; };
		B19CF5131C6CC1F9001DBB70 /* AppDelegate.m in Sources */ = {isa = PBXBuildFile; fileRef = B19CF5121C6CC1F9001DBB70 /* AppDelegate.m */; };
		B19CF5161C6CC1F9001DBB70 /* ViewController.m in Sources */ = {isa = PBXBuildFile; fileRef = B19CF5151C6CC1F9001DBB70 /* ViewController.m */; };
		B19CF5191C6CC1F9001DBB70 /* Main.storyboard in Resources */ = {isa = PBXBuildFile; fileRef = B19CF5171C6CC1F9001DBB70 /* Main.storyboard */; };
		B19CF51B1C6CC1F9001DBB70 /* Assets.xcassets in Resources */ = {isa = PBXBuildFile; fileRef = B19CF51A1C6CC1F9001DBB70 /* Assets.xcassets */; };
		B19CF51E1C6CC1F9001DBB70 /* LaunchScreen.storyboard in Resources */ = {isa = PBXBuildFile; fileRef = B19CF51C1C6CC1F9001DBB70 /* LaunchScreen.storyboard */; };
		B19CF5291C6CC1FA001DBB70 /* test15SecondsTests.m in Sources */ = {isa = PBXBuildFile; fileRef = B19CF5281C6CC1FA001DBB70 /* test15SecondsTests.m */; };
		B1FAEA051C6DA33A004E140F /* THVideoItem.m in Sources */ = {isa = PBXBuildFile; fileRef = B1FAEA041C6DA33A004E140F /* THVideoItem.m */; };
		FF6E423A1C7813980062BA47 /* THTransitionInstructions.m in Sources */ = {isa = PBXBuildFile; fileRef = FF6E42391C7813980062BA47 /* THTransitionInstructions.m */; };
		FF6E423D1C7814620062BA47 /* THVideoTransition.m in Sources */ = {isa = PBXBuildFile; fileRef = FF6E423C1C7814620062BA47 /* THVideoTransition.m */; };
		FF89E4641C72CB480013E552 /* THAudioItem.m in Sources */ = {isa = PBXBuildFile; fileRef = FF89E4631C72CB480013E552 /* THAudioItem.m */; };
		FF9B38EE1C71B6B70077E82F /* 01 Star Gazing.m4a in Resources */ = {isa = PBXBuildFile; fileRef = FF9B38E31C71B6B50077E82F /* 01 Star Gazing.m4a */; };
		FF9B38EF1C71B6B70077E82F /* 02 Keep Going.m4a in Resources */ = {isa = PBXBuildFile; fileRef = FF9B38E41C71B6B60077E82F /* 02 Keep Going.m4a */; };
		FF9B38F01C71B6B70077E82F /* John F. Kennedy.m4a in Resources */ = {isa = PBXBuildFile; fileRef = FF9B38E61C71B6B60077E82F /* John F. Kennedy.m4a */; };
		FF9B38F11C71B6B70077E82F /* Ronald Reagan.m4a in Resources */ = {isa = PBXBuildFile; fileRef = FF9B38E71C71B6B60077E82F /* Ronald Reagan.m4a */; };
		FF9B38F21C71B6B70077E82F /* 01_nebula.mp4 in Resources */ = {isa = PBXBuildFile; fileRef = FF9B38E91C71B6B60077E82F /* 01_nebula.mp4 */; };
		FF9B38F31C71B6B70077E82F /* 02_blackhole.mp4 in Resources */ = {isa = PBXBuildFile; fileRef = FF9B38EA1C71B6B60077E82F /* 02_blackhole.mp4 */; };
		FF9B38F41C71B6B70077E82F /* 03_nebula.mp4 in Resources */ = {isa = PBXBuildFile; fileRef = FF9B38EB1C71B6B60077E82F /* 03_nebula.mp4 */; };
		FF9B38F51C71B6B70077E82F /* 04_quasar.mp4 in Resources */ = {isa = PBXBuildFile; fileRef = FF9B38EC1C71B6B70077E82F /* 04_quasar.mp4 */; };
		FF9B38F61C71B6B70077E82F /* 05_blackhole.mp4 in Resources */ = {isa = PBXBuildFile; fileRef = FF9B38ED1C71B6B70077E82F /* 05_blackhole.mp4 */; };
/* End PBXBuildFile section */

/* Begin PBXContainerItemProxy section */
		B19CF5251C6CC1FA001DBB70 /* PBXContainerItemProxy */ = {
			isa = PBXContainerItemProxy;
			containerPortal = B19CF5031C6CC1F9001DBB70 /* Project object */;
			proxyType = 1;
			remoteGlobalIDString = B19CF50A1C6CC1F9001DBB70;
			remoteInfo = test15Seconds;
		};
/* End PBXContainerItemProxy section */

/* Begin PBXFileReference section */
		B182D3801C6F741E00238994 /* VideoItemCell.h */ = {isa = PBXFileReference; fileEncoding = 4; lastKnownFileType = sourcecode.c.h; path = VideoItemCell.h; sourceTree = "<group>"; };
		B182D3811C6F741E00238994 /* VideoItemCell.m */ = {isa = PBXFileReference; fileEncoding = 4; lastKnownFileType = sourcecode.c.objc; path = VideoItemCell.m; sourceTree = "<group>"; };
		B19CF50B1C6CC1F9001DBB70 /* test15Seconds.app */ = {isa = PBXFileReference; explicitFileType = wrapper.application; includeInIndex = 0; path = test15Seconds.app; sourceTree = BUILT_PRODUCTS_DIR; };
		B19CF50F1C6CC1F9001DBB70 /* main.m */ = {isa = PBXFileReference; lastKnownFileType = sourcecode.c.objc; path = main.m; sourceTree = "<group>"; };
		B19CF5111C6CC1F9001DBB70 /* AppDelegate.h */ = {isa = PBXFileReference; lastKnownFileType = sourcecode.c.h; path = AppDelegate.h; sourceTree = "<group>"; };
		B19CF5121C6CC1F9001DBB70 /* AppDelegate.m */ = {isa = PBXFileReference; lastKnownFileType = sourcecode.c.objc; path = AppDelegate.m; sourceTree = "<group>"; };
		B19CF5141C6CC1F9001DBB70 /* ViewController.h */ = {isa = PBXFileReference; lastKnownFileType = sourcecode.c.h; path = ViewController.h; sourceTree = "<group>"; };
		B19CF5151C6CC1F9001DBB70 /* ViewController.m */ = {isa = PBXFileReference; lastKnownFileType = sourcecode.c.objc; path = ViewController.m; sourceTree = "<group>"; };
		B19CF5181C6CC1F9001DBB70 /* Base */ = {isa = PBXFileReference; lastKnownFileType = file.storyboard; name = Base; path = Base.lproj/Main.storyboard; sourceTree = "<group>"; };
		B19CF51A1C6CC1F9001DBB70 /* Assets.xcassets */ = {isa = PBXFileReference; lastKnownFileType = folder.assetcatalog; path = Assets.xcassets; sourceTree = "<group>"; };
		B19CF51D1C6CC1F9001DBB70 /* Base */ = {isa = PBXFileReference; lastKnownFileType = file.storyboard; name = Base; path = Base.lproj/LaunchScreen.storyboard; sourceTree = "<group>"; };
		B19CF51F1C6CC1F9001DBB70 /* Info.plist */ = {isa = PBXFileReference; lastKnownFileType = text.plist.xml; path = Info.plist; sourceTree = "<group>"; };
		B19CF5241C6CC1FA001DBB70 /* test15SecondsTests.xctest */ = {isa = PBXFileReference; explicitFileType = wrapper.cfbundle; includeInIndex = 0; path = test15SecondsTests.xctest; sourceTree = BUILT_PRODUCTS_DIR; };
		B19CF5281C6CC1FA001DBB70 /* test15SecondsTests.m */ = {isa = PBXFileReference; lastKnownFileType = sourcecode.c.objc; path = test15SecondsTests.m; sourceTree = "<group>"; };
		B19CF52A1C6CC1FA001DBB70 /* Info.plist */ = {isa = PBXFileReference; lastKnownFileType = text.plist.xml; path = Info.plist; sourceTree = "<group>"; };
		B19CF5331C6CC1FA001DBB70 /* test15SecondsUITests.m */ = {isa = PBXFileReference; lastKnownFileType = sourcecode.c.objc; path = test15SecondsUITests.m; sourceTree = "<group>"; };
		B19CF5351C6CC1FA001DBB70 /* Info.plist */ = {isa = PBXFileReference; lastKnownFileType = text.plist.xml; path = Info.plist; sourceTree = "<group>"; };
		B1FAEA031C6DA33A004E140F /* THVideoItem.h */ = {isa = PBXFileReference; fileEncoding = 4; lastKnownFileType = sourcecode.c.h; path = THVideoItem.h; sourceTree = "<group>"; };
		B1FAEA041C6DA33A004E140F /* THVideoItem.m */ = {isa = PBXFileReference; fileEncoding = 4; lastKnownFileType = sourcecode.c.objc; path = THVideoItem.m; sourceTree = "<group>"; };
		FF6E42381C7813980062BA47 /* THTransitionInstructions.h */ = {isa = PBXFileReference; fileEncoding = 4; lastKnownFileType = sourcecode.c.h; path = THTransitionInstructions.h; sourceTree = "<group>"; };
		FF6E42391C7813980062BA47 /* THTransitionInstructions.m */ = {isa = PBXFileReference; fileEncoding = 4; lastKnownFileType = sourcecode.c.objc; path = THTransitionInstructions.m; sourceTree = "<group>"; };
		FF6E423B1C7814620062BA47 /* THVideoTransition.h */ = {isa = PBXFileReference; fileEncoding = 4; lastKnownFileType = sourcecode.c.h; path = THVideoTransition.h; sourceTree = "<group>"; };
		FF6E423C1C7814620062BA47 /* THVideoTransition.m */ = {isa = PBXFileReference; fileEncoding = 4; lastKnownFileType = sourcecode.c.objc; path = THVideoTransition.m; sourceTree = "<group>"; };
		FF89E4621C72CB480013E552 /* THAudioItem.h */ = {isa = PBXFileReference; fileEncoding = 4; lastKnownFileType = sourcecode.c.h; path = THAudioItem.h; sourceTree = "<group>"; };
		FF89E4631C72CB480013E552 /* THAudioItem.m */ = {isa = PBXFileReference; fileEncoding = 4; lastKnownFileType = sourcecode.c.objc; path = THAudioItem.m; sourceTree = "<group>"; };
		FF9B38E31C71B6B50077E82F /* 01 Star Gazing.m4a */ = {isa = PBXFileReference; lastKnownFileType = file; path = "01 Star Gazing.m4a"; sourceTree = "<group>"; };
		FF9B38E41C71B6B60077E82F /* 02 Keep Going.m4a */ = {isa = PBXFileReference; lastKnownFileType = file; path = "02 Keep Going.m4a"; sourceTree = "<group>"; };
		FF9B38E61C71B6B60077E82F /* John F. Kennedy.m4a */ = {isa = PBXFileReference; lastKnownFileType = file; path = "John F. Kennedy.m4a"; sourceTree = "<group>"; };
		FF9B38E71C71B6B60077E82F /* Ronald Reagan.m4a */ = {isa = PBXFileReference; lastKnownFileType = file; path = "Ronald Reagan.m4a"; sourceTree = "<group>"; };
		FF9B38E91C71B6B60077E82F /* 01_nebula.mp4 */ = {isa = PBXFileReference; lastKnownFileType = file; path = 01_nebula.mp4; sourceTree = "<group>"; };
		FF9B38EA1C71B6B60077E82F /* 02_blackhole.mp4 */ = {isa = PBXFileReference; lastKnownFileType = file; path = 02_blackhole.mp4; sourceTree = "<group>"; };
		FF9B38EB1C71B6B60077E82F /* 03_nebula.mp4 */ = {isa = PBXFileReference; lastKnownFileType = file; path = 03_nebula.mp4; sourceTree = "<group>"; };
		FF9B38EC1C71B6B70077E82F /* 04_quasar.mp4 */ = {isa = PBXFileReference; lastKnownFileType = file; path = 04_quasar.mp4; sourceTree = "<group>"; };
		FF9B38ED1C71B6B70077E82F /* 05_blackhole.mp4 */ = {isa = PBXFileReference; lastKnownFileType = file; path = 05_blackhole.mp4; sourceTree = "<group>"; };
/* End PBXFileReference section */

/* Begin PBXFrameworksBuildPhase section */
		B19CF5081C6CC1F9001DBB70 /* Frameworks */ = {
			isa = PBXFrameworksBuildPhase;
			buildActionMask = 2147483647;
			files = (
			);
			runOnlyForDeploymentPostprocessing = 0;
		};
		B19CF5211C6CC1FA001DBB70 /* Frameworks */ = {
			isa = PBXFrameworksBuildPhase;
			buildActionMask = 2147483647;
			files = (
			);
			runOnlyForDeploymentPostprocessing = 0;
		};
/* End PBXFrameworksBuildPhase section */

/* Begin PBXGroup section */
		B19CF5021C6CC1F9001DBB70 = {
			isa = PBXGroup;
			children = (
				B19CF50D1C6CC1F9001DBB70 /* test15Seconds */,
				B19CF5271C6CC1FA001DBB70 /* test15SecondsTests */,
				B19CF5321C6CC1FA001DBB70 /* test15SecondsUITests */,
				B19CF50C1C6CC1F9001DBB70 /* Products */,
			);
			sourceTree = "<group>";
		};
		B19CF50C1C6CC1F9001DBB70 /* Products */ = {
			isa = PBXGroup;
			children = (
				B19CF50B1C6CC1F9001DBB70 /* test15Seconds.app */,
				B19CF5241C6CC1FA001DBB70 /* test15SecondsTests.xctest */,
			);
			name = Products;
			sourceTree = "<group>";
		};
		B19CF50D1C6CC1F9001DBB70 /* test15Seconds */ = {
			isa = PBXGroup;
			children = (
				B19CF5111C6CC1F9001DBB70 /* AppDelegate.h */,
				B19CF5121C6CC1F9001DBB70 /* AppDelegate.m */,
				B19CF5151C6CC1F9001DBB70 /* ViewController.m */,
				B19CF5141C6CC1F9001DBB70 /* ViewController.h */,
				B19CF5171C6CC1F9001DBB70 /* Main.storyboard */,
				B19CF51A1C6CC1F9001DBB70 /* Assets.xcassets */,
				B19CF51C1C6CC1F9001DBB70 /* LaunchScreen.storyboard */,
				B19CF51F1C6CC1F9001DBB70 /* Info.plist */,
				B19CF50E1C6CC1F9001DBB70 /* Supporting Files */,
				B1FAEA031C6DA33A004E140F /* THVideoItem.h */,
				B1FAEA041C6DA33A004E140F /* THVideoItem.m */,
				B182D3801C6F741E00238994 /* VideoItemCell.h */,
				B182D3811C6F741E00238994 /* VideoItemCell.m */,
				FF89E4621C72CB480013E552 /* THAudioItem.h */,
				FF89E4631C72CB480013E552 /* THAudioItem.m */,
				FF6E423B1C7814620062BA47 /* THVideoTransition.h */,
				FF6E423C1C7814620062BA47 /* THVideoTransition.m */,
				FF6E42381C7813980062BA47 /* THTransitionInstructions.h */,
				FF6E42391C7813980062BA47 /* THTransitionInstructions.m */,
			);
			path = test15Seconds;
			sourceTree = "<group>";
		};
		B19CF50E1C6CC1F9001DBB70 /* Supporting Files */ = {
			isa = PBXGroup;
			children = (
				FF9B38E01C71B6B50077E82F /* Resources */,
				B19CF50F1C6CC1F9001DBB70 /* main.m */,
			);
			name = "Supporting Files";
			sourceTree = "<group>";
		};
		B19CF5271C6CC1FA001DBB70 /* test15SecondsTests */ = {
			isa = PBXGroup;
			children = (
				B19CF5281C6CC1FA001DBB70 /* test15SecondsTests.m */,
				B19CF52A1C6CC1FA001DBB70 /* Info.plist */,
			);
			path = test15SecondsTests;
			sourceTree = "<group>";
		};
		B19CF5321C6CC1FA001DBB70 /* test15SecondsUITests */ = {
			isa = PBXGroup;
			children = (
				B19CF5331C6CC1FA001DBB70 /* test15SecondsUITests.m */,
				B19CF5351C6CC1FA001DBB70 /* Info.plist */,
			);
			path = test15SecondsUITests;
			sourceTree = "<group>";
		};
		FF9B38E01C71B6B50077E82F /* Resources */ = {
			isa = PBXGroup;
			children = (
				FF9B38E11C71B6B50077E82F /* Audio */,
				FF9B38E81C71B6B60077E82F /* Video */,
			);
			path = Resources;
			sourceTree = "<group>";
		};
		FF9B38E11C71B6B50077E82F /* Audio */ = {
			isa = PBXGroup;
			children = (
				FF9B38E21C71B6B50077E82F /* Music */,
				FF9B38E51C71B6B60077E82F /* VoiceOvers */,
			);
			path = Audio;
			sourceTree = "<group>";
		};
		FF9B38E21C71B6B50077E82F /* Music */ = {
			isa = PBXGroup;
			children = (
				FF9B38E31C71B6B50077E82F /* 01 Star Gazing.m4a */,
				FF9B38E41C71B6B60077E82F /* 02 Keep Going.m4a */,
			);
			path = Music;
			sourceTree = "<group>";
		};
		FF9B38E51C71B6B60077E82F /* VoiceOvers */ = {
			isa = PBXGroup;
			children = (
				FF9B38E61C71B6B60077E82F /* John F. Kennedy.m4a */,
				FF9B38E71C71B6B60077E82F /* Ronald Reagan.m4a */,
			);
			path = VoiceOvers;
			sourceTree = "<group>";
		};
		FF9B38E81C71B6B60077E82F /* Video */ = {
			isa = PBXGroup;
			children = (
				FF9B38E91C71B6B60077E82F /* 01_nebula.mp4 */,
				FF9B38EA1C71B6B60077E82F /* 02_blackhole.mp4 */,
				FF9B38EB1C71B6B60077E82F /* 03_nebula.mp4 */,
				FF9B38EC1C71B6B70077E82F /* 04_quasar.mp4 */,
				FF9B38ED1C71B6B70077E82F /* 05_blackhole.mp4 */,
			);
			path = Video;
			sourceTree = "<group>";
		};
/* End PBXGroup section */

/* Begin PBXNativeTarget section */
		B19CF50A1C6CC1F9001DBB70 /* test15Seconds */ = {
			isa = PBXNativeTarget;
			buildConfigurationList = B19CF5381C6CC1FA001DBB70 /* Build configuration list for PBXNativeTarget "test15Seconds" */;
			buildPhases = (
				B19CF5071C6CC1F9001DBB70 /* Sources */,
				B19CF5081C6CC1F9001DBB70 /* Frameworks */,
				B19CF5091C6CC1F9001DBB70 /* Resources */,
			);
			buildRules = (
			);
			dependencies = (
			);
			name = test15Seconds;
			productName = test15Seconds;
			productReference = B19CF50B1C6CC1F9001DBB70 /* test15Seconds.app */;
			productType = "com.apple.product-type.application";
		};
		B19CF5231C6CC1FA001DBB70 /* test15SecondsTests */ = {
			isa = PBXNativeTarget;
			buildConfigurationList = B19CF53B1C6CC1FA001DBB70 /* Build configuration list for PBXNativeTarget "test15SecondsTests" */;
			buildPhases = (
				B19CF5201C6CC1FA001DBB70 /* Sources */,
				B19CF5211C6CC1FA001DBB70 /* Frameworks */,
				B19CF5221C6CC1FA001DBB70 /* Resources */,
			);
			buildRules = (
			);
			dependencies = (
				B19CF5261C6CC1FA001DBB70 /* PBXTargetDependency */,
			);
			name = test15SecondsTests;
			productName = test15SecondsTests;
			productReference = B19CF5241C6CC1FA001DBB70 /* test15SecondsTests.xctest */;
			productType = "com.apple.product-type.bundle.unit-test";
		};
/* End PBXNativeTarget section */

/* Begin PBXProject section */
		B19CF5031C6CC1F9001DBB70 /* Project object */ = {
			isa = PBXProject;
			attributes = {
				LastUpgradeCheck = 0710;
				ORGANIZATIONNAME = jxh;
				TargetAttributes = {
					B19CF50A1C6CC1F9001DBB70 = {
						CreatedOnToolsVersion = 7.1;
					};
					B19CF5231C6CC1FA001DBB70 = {
						CreatedOnToolsVersion = 7.1;
						TestTargetID = B19CF50A1C6CC1F9001DBB70;
					};
				};
			};
			buildConfigurationList = B19CF5061C6CC1F9001DBB70 /* Build configuration list for PBXProject "test15Seconds" */;
			compatibilityVersion = "Xcode 3.2";
			developmentRegion = English;
			hasScannedForEncodings = 0;
			knownRegions = (
				en,
				Base,
			);
			mainGroup = B19CF5021C6CC1F9001DBB70;
			productRefGroup = B19CF50C1C6CC1F9001DBB70 /* Products */;
			projectDirPath = "";
			projectRoot = "";
			targets = (
				B19CF50A1C6CC1F9001DBB70 /* test15Seconds */,
				B19CF5231C6CC1FA001DBB70 /* test15SecondsTests */,
			);
		};
/* End PBXProject section */

/* Begin PBXResourcesBuildPhase section */
		B19CF5091C6CC1F9001DBB70 /* Resources */ = {
			isa = PBXResourcesBuildPhase;
			buildActionMask = 2147483647;
			files = (
				FF9B38F01C71B6B70077E82F /* John F. Kennedy.m4a in Resources */,
				FF9B38F41C71B6B70077E82F /* 03_nebula.mp4 in Resources */,
				FF9B38F11C71B6B70077E82F /* Ronald Reagan.m4a in Resources */,
				B19CF51E1C6CC1F9001DBB70 /* LaunchScreen.storyboard in Resources */,
				FF9B38F21C71B6B70077E82F /* 01_nebula.mp4 in Resources */,
				FF9B38F51C71B6B70077E82F /* 04_quasar.mp4 in Resources */,
				FF9B38F31C71B6B70077E82F /* 02_blackhole.mp4 in Resources */,
				FF9B38EE1C71B6B70077E82F /* 01 Star Gazing.m4a in Resources */,
				FF9B38F61C71B6B70077E82F /* 05_blackhole.mp4 in Resources */,
				B19CF51B1C6CC1F9001DBB70 /* Assets.xcassets in Resources */,
				FF9B38EF1C71B6B70077E82F /* 02 Keep Going.m4a in Resources */,
				B19CF5191C6CC1F9001DBB70 /* Main.storyboard in Resources */,
			);
			runOnlyForDeploymentPostprocessing = 0;
		};
		B19CF5221C6CC1FA001DBB70 /* Resources */ = {
			isa = PBXResourcesBuildPhase;
			buildActionMask = 2147483647;
			files = (
			);
			runOnlyForDeploymentPostprocessing = 0;
		};
/* End PBXResourcesBuildPhase section */

/* Begin PBXSourcesBuildPhase section */
		B19CF5071C6CC1F9001DBB70 /* Sources */ = {
			isa = PBXSourcesBuildPhase;
			buildActionMask = 2147483647;
			files = (
				B19CF5161C6CC1F9001DBB70 /* ViewController.m in Sources */,
				FF6E423A1C7813980062BA47 /* THTransitionInstructions.m in Sources */,
				B19CF5131C6CC1F9001DBB70 /* AppDelegate.m in Sources */,
				B182D3821C6F741E00238994 /* VideoItemCell.m in Sources */,
				FF6E423D1C7814620062BA47 /* THVideoTransition.m in Sources */,
				B1FAEA051C6DA33A004E140F /* THVideoItem.m in Sources */,
				FF89E4641C72CB480013E552 /* THAudioItem.m in Sources */,
				B19CF5101C6CC1F9001DBB70 /* main.m in Sources */,
			);
			runOnlyForDeploymentPostprocessing = 0;
		};
		B19CF5201C6CC1FA001DBB70 /* Sources */ = {
			isa = PBXSourcesBuildPhase;
			buildActionMask = 2147483647;
			files = (
				B19CF5291C6CC1FA001DBB70 /* test15SecondsTests.m in Sources */,
			);
			runOnlyForDeploymentPostprocessing = 0;
		};
/* End PBXSourcesBuildPhase section */

/* Begin PBXTargetDependency section */
		B19CF5261C6CC1FA001DBB70 /* PBXTargetDependency */ = {
			isa = PBXTargetDependency;
			target = B19CF50A1C6CC1F9001DBB70 /* test15Seconds */;
			targetProxy = B19CF5251C6CC1FA001DBB70 /* PBXContainerItemProxy */;
		};
/* End PBXTargetDependency section */

/* Begin PBXVariantGroup section */
		B19CF5171C6CC1F9001DBB70 /* Main.storyboard */ = {
			isa = PBXVariantGroup;
			children = (
				B19CF5181C6CC1F9001DBB70 /* Base */,
			);
			name = Main.storyboard;
			sourceTree = "<group>";
		};
		B19CF51C1C6CC1F9001DBB70 /* LaunchScreen.storyboard */ = {
			isa = PBXVariantGroup;
			children = (
				B19CF51D1C6CC1F9001DBB70 /* Base */,
			);
			name = LaunchScreen.storyboard;
			sourceTree = "<group>";
		};
/* End PBXVariantGroup section */

/* Begin XCBuildConfiguration section */
		B19CF5361C6CC1FA001DBB70 /* Debug */ = {
			isa = XCBuildConfiguration;
			buildSettings = {
				ALWAYS_SEARCH_USER_PATHS = NO;
				CLANG_CXX_LANGUAGE_STANDARD = "gnu++0x";
				CLANG_CXX_LIBRARY = "libc++";
				CLANG_ENABLE_MODULES = YES;
				CLANG_ENABLE_OBJC_ARC = YES;
				CLANG_WARN_BOOL_CONVERSION = YES;
				CLANG_WARN_CONSTANT_CONVERSION = YES;
				CLANG_WARN_DIRECT_OBJC_ISA_USAGE = YES_ERROR;
				CLANG_WARN_EMPTY_BODY = YES;
				CLANG_WARN_ENUM_CONVERSION = YES;
				CLANG_WARN_INT_CONVERSION = YES;
				CLANG_WARN_OBJC_ROOT_CLASS = YES_ERROR;
				CLANG_WARN_UNREACHABLE_CODE = YES;
				CLANG_WARN__DUPLICATE_METHOD_MATCH = YES;
				"CODE_SIGN_IDENTITY[sdk=iphoneos*]" = "iPhone Developer";
				COPY_PHASE_STRIP = NO;
				DEBUG_INFORMATION_FORMAT = dwarf;
				ENABLE_STRICT_OBJC_MSGSEND = YES;
				ENABLE_TESTABILITY = YES;
				GCC_C_LANGUAGE_STANDARD = gnu99;
				GCC_DYNAMIC_NO_PIC = NO;
				GCC_NO_COMMON_BLOCKS = YES;
				GCC_OPTIMIZATION_LEVEL = 0;
				GCC_PREPROCESSOR_DEFINITIONS = (
					"DEBUG=1",
					"$(inherited)",
				);
				GCC_WARN_64_TO_32_BIT_CONVERSION = YES;
				GCC_WARN_ABOUT_RETURN_TYPE = YES_ERROR;
				GCC_WARN_UNDECLARED_SELECTOR = YES;
				GCC_WARN_UNINITIALIZED_AUTOS = YES_AGGRESSIVE;
				GCC_WARN_UNUSED_FUNCTION = YES;
				GCC_WARN_UNUSED_VARIABLE = YES;
				IPHONEOS_DEPLOYMENT_TARGET = 8.0;
				MTL_ENABLE_DEBUG_INFO = YES;
				ONLY_ACTIVE_ARCH = YES;
				SDKROOT = iphoneos;
			};
			name = Debug;
		};
		B19CF5371C6CC1FA001DBB70 /* Release */ = {
			isa = XCBuildConfiguration;
			buildSettings = {
				ALWAYS_SEARCH_USER_PATHS = NO;
				CLANG_CXX_LANGUAGE_STANDARD = "gnu++0x";
				CLANG_CXX_LIBRARY = "libc++";
				CLANG_ENABLE_MODULES = YES;
				CLANG_ENABLE_OBJC_ARC = YES;
				CLANG_WARN_BOOL_CONVERSION = YES;
				CLANG_WARN_CONSTANT_CONVERSION = YES;
				CLANG_WARN_DIRECT_OBJC_ISA_USAGE = YES_ERROR;
				CLANG_WARN_EMPTY_BODY = YES;
				CLANG_WARN_ENUM_CONVERSION = YES;
				CLANG_WARN_INT_CONVERSION = YES;
				CLANG_WARN_OBJC_ROOT_CLASS = YES_ERROR;
				CLANG_WARN_UNREACHABLE_CODE = YES;
				CLANG_WARN__DUPLICATE_METHOD_MATCH = YES;
				"CODE_SIGN_IDENTITY[sdk=iphoneos*]" = "iPhone Developer";
				COPY_PHASE_STRIP = NO;
				DEBUG_INFORMATION_FORMAT = "dwarf-with-dsym";
				ENABLE_NS_ASSERTIONS = NO;
				ENABLE_STRICT_OBJC_MSGSEND = YES;
				GCC_C_LANGUAGE_STANDARD = gnu99;
				GCC_NO_COMMON_BLOCKS = YES;
				GCC_WARN_64_TO_32_BIT_CONVERSION = YES;
				GCC_WARN_ABOUT_RETURN_TYPE = YES_ERROR;
				GCC_WARN_UNDECLARED_SELECTOR = YES;
				GCC_WARN_UNINITIALIZED_AUTOS = YES_AGGRESSIVE;
				GCC_WARN_UNUSED_FUNCTION = YES;
				GCC_WARN_UNUSED_VARIABLE = YES;
				IPHONEOS_DEPLOYMENT_TARGET = 8.0;
				MTL_ENABLE_DEBUG_INFO = NO;
				SDKROOT = iphoneos;
				VALIDATE_PRODUCT = YES;
			};
			name = Release;
		};
		B19CF5391C6CC1FA001DBB70 /* Debug */ = {
			isa = XCBuildConfiguration;
			buildSettings = {
				ASSETCATALOG_COMPILER_APPICON_NAME = AppIcon;
				INFOPLIST_FILE = test15Seconds/Info.plist;
				LD_RUNPATH_SEARCH_PATHS = "$(inherited) @executable_path/Frameworks";
				PRODUCT_BUNDLE_IDENTIFIER = com.jingxianhe.test15Seconds;
				PRODUCT_NAME = "$(TARGET_NAME)";
			};
			name = Debug;
		};
		B19CF53A1C6CC1FA001DBB70 /* Release */ = {
			isa = XCBuildConfiguration;
			buildSettings = {
				ASSETCATALOG_COMPILER_APPICON_NAME = AppIcon;
				INFOPLIST_FILE = test15Seconds/Info.plist;
				LD_RUNPATH_SEARCH_PATHS = "$(inherited) @executable_path/Frameworks";
				PRODUCT_BUNDLE_IDENTIFIER = com.jingxianhe.test15Seconds;
				PRODUCT_NAME = "$(TARGET_NAME)";
			};
			name = Release;
		};
		B19CF53C1C6CC1FA001DBB70 /* Debug */ = {
			isa = XCBuildConfiguration;
			buildSettings = {
				BUNDLE_LOADER = "$(TEST_HOST)";
				INFOPLIST_FILE = test15SecondsTests/Info.plist;
				LD_RUNPATH_SEARCH_PATHS = "$(inherited) @executable_path/Frameworks @loader_path/Frameworks";
				PRODUCT_BUNDLE_IDENTIFIER = com.jingxianhe.test15SecondsTests;
				PRODUCT_NAME = "$(TARGET_NAME)";
				TEST_HOST = "$(BUILT_PRODUCTS_DIR)/test15Seconds.app/test15Seconds";
			};
			name = Debug;
		};
		B19CF53D1C6CC1FA001DBB70 /* Release */ = {
			isa = XCBuildConfiguration;
			buildSettings = {
				BUNDLE_LOADER = "$(TEST_HOST)";
				INFOPLIST_FILE = test15SecondsTests/Info.plist;
				LD_RUNPATH_SEARCH_PATHS = "$(inherited) @executable_path/Frameworks @loader_path/Frameworks";
				PRODUCT_BUNDLE_IDENTIFIER = com.jingxianhe.test15SecondsTests;
				PRODUCT_NAME = "$(TARGET_NAME)";
				TEST_HOST = "$(BUILT_PRODUCTS_DIR)/test15Seconds.app/test15Seconds";
			};
			name = Release;
		};
/* End XCBuildConfiguration section */

/* Begin XCConfigurationList section */
		B19CF5061C6CC1F9001DBB70 /* Build configuration list for PBXProject "test15Seconds" */ = {
			isa = XCConfigurationList;
			buildConfigurations = (
				B19CF5361C6CC1FA001DBB70 /* Debug */,
				B19CF5371C6CC1FA001DBB70 /* Release */,
			);
			defaultConfigurationIsVisible = 0;
			defaultConfigurationName = Release;
		};
		B19CF5381C6CC1FA001DBB70 /* Build configuration list for PBXNativeTarget "test15Seconds" */ = {
			isa = XCConfigurationList;
			buildConfigurations = (
				B19CF5391C6CC1FA001DBB70 /* Debug */,
				B19CF53A1C6CC1FA001DBB70 /* Release */,
			);
			defaultConfigurationIsVisible = 0;
			defaultConfigurationName = Release;
		};
		B19CF53B1C6CC1FA001DBB70 /* Build configuration list for PBXNativeTarget "test15SecondsTests" */ = {
			isa = XCConfigurationList;
			buildConfigurations = (
				B19CF53C1C6CC1FA001DBB70 /* Debug */,
				B19CF53D1C6CC1FA001DBB70 /* Release */,
			);
			defaultConfigurationIsVisible = 0;
			defaultConfigurationName = Release;
		};
/* End XCConfigurationList section */
	};
	rootObject = B19CF5031C6CC1F9001DBB70 /* Project object */;
}
